// !$*UTF8*$!
{
	archiveVersion = 1;
	classes = {
	};
	objectVersion = 50;
	objects = {

/* Begin PBXBuildFile section */
		7308550525AF8CC100126F81 /* AppDelegate.swift in Sources */ = {isa = PBXBuildFile; fileRef = 7308550425AF8CC100126F81 /* AppDelegate.swift */; };
		7308550725AF8CC100126F81 /* SceneDelegate.swift in Sources */ = {isa = PBXBuildFile; fileRef = 7308550625AF8CC100126F81 /* SceneDelegate.swift */; };
		7308550C25AF8CC100126F81 /* Main.storyboard in Resources */ = {isa = PBXBuildFile; fileRef = 7308550A25AF8CC100126F81 /* Main.storyboard */; };
		7308550E25AF8CC300126F81 /* Assets.xcassets in Resources */ = {isa = PBXBuildFile; fileRef = 7308550D25AF8CC300126F81 /* Assets.xcassets */; };
		7308551125AF8CC300126F81 /* LaunchScreen.storyboard in Resources */ = {isa = PBXBuildFile; fileRef = 7308550F25AF8CC300126F81 /* LaunchScreen.storyboard */; };
		7308551E25B0193700126F81 /* HomeTableVC.swift in Sources */ = {isa = PBXBuildFile; fileRef = 7308551D25B0193700126F81 /* HomeTableVC.swift */; };
		7308552125B0196300126F81 /* Recipes.swift in Sources */ = {isa = PBXBuildFile; fileRef = 7308552025B0196300126F81 /* Recipes.swift */; };
		7308553425B01AC100126F81 /* Recipe.swift in Sources */ = {isa = PBXBuildFile; fileRef = 7308553325B01AC100126F81 /* Recipe.swift */; };
		7308553D25B0463200126F81 /* Home.storyboard in Resources */ = {isa = PBXBuildFile; fileRef = 7308553C25B0463200126F81 /* Home.storyboard */; };
		7308554B25B0661200126F81 /* HomeVC.swift in Sources */ = {isa = PBXBuildFile; fileRef = 7308554A25B0661200126F81 /* HomeVC.swift */; };
		7308555025B0670C00126F81 /* FilterCell.swift in Sources */ = {isa = PBXBuildFile; fileRef = 7308554E25B0670C00126F81 /* FilterCell.swift */; };
		7308555125B0670C00126F81 /* FilterCell.xib in Resources */ = {isa = PBXBuildFile; fileRef = 7308554F25B0670C00126F81 /* FilterCell.xib */; };
		7308555F25B06C9100126F81 /* Saved.storyboard in Resources */ = {isa = PBXBuildFile; fileRef = 7308555E25B06C9100126F81 /* Saved.storyboard */; };
		7308556225B06CC200126F81 /* Timer.storyboard in Resources */ = {isa = PBXBuildFile; fileRef = 7308556125B06CC200126F81 /* Timer.storyboard */; };
		7308556525B06CD200126F81 /* ProductList.storyboard in Resources */ = {isa = PBXBuildFile; fileRef = 7308556425B06CD200126F81 /* ProductList.storyboard */; };
		7308556825B06DC400126F81 /* Profile.storyboard in Resources */ = {isa = PBXBuildFile; fileRef = 7308556725B06DC400126F81 /* Profile.storyboard */; };
/* End PBXBuildFile section */

/* Begin PBXFileReference section */
		7308550125AF8CC100126F81 /* FoodShowA.app */ = {isa = PBXFileReference; explicitFileType = wrapper.application; includeInIndex = 0; path = FoodShowA.app; sourceTree = BUILT_PRODUCTS_DIR; };
		7308550425AF8CC100126F81 /* AppDelegate.swift */ = {isa = PBXFileReference; lastKnownFileType = sourcecode.swift; path = AppDelegate.swift; sourceTree = "<group>"; };
		7308550625AF8CC100126F81 /* SceneDelegate.swift */ = {isa = PBXFileReference; lastKnownFileType = sourcecode.swift; path = SceneDelegate.swift; sourceTree = "<group>"; };
		7308550B25AF8CC100126F81 /* Base */ = {isa = PBXFileReference; lastKnownFileType = file.storyboard; name = Base; path = Base.lproj/Main.storyboard; sourceTree = "<group>"; };
		7308550D25AF8CC300126F81 /* Assets.xcassets */ = {isa = PBXFileReference; lastKnownFileType = folder.assetcatalog; path = Assets.xcassets; sourceTree = "<group>"; };
		7308551025AF8CC300126F81 /* Base */ = {isa = PBXFileReference; lastKnownFileType = file.storyboard; name = Base; path = Base.lproj/LaunchScreen.storyboard; sourceTree = "<group>"; };
		7308551225AF8CC300126F81 /* Info.plist */ = {isa = PBXFileReference; lastKnownFileType = text.plist.xml; path = Info.plist; sourceTree = "<group>"; };
		7308551D25B0193700126F81 /* HomeTableVC.swift */ = {isa = PBXFileReference; lastKnownFileType = sourcecode.swift; path = HomeTableVC.swift; sourceTree = "<group>"; };
		7308552025B0196300126F81 /* Recipes.swift */ = {isa = PBXFileReference; lastKnownFileType = sourcecode.swift; path = Recipes.swift; sourceTree = "<group>"; };
		7308553325B01AC100126F81 /* Recipe.swift */ = {isa = PBXFileReference; lastKnownFileType = sourcecode.swift; path = Recipe.swift; sourceTree = "<group>"; };
		7308553C25B0463200126F81 /* Home.storyboard */ = {isa = PBXFileReference; lastKnownFileType = file.storyboard; path = Home.storyboard; sourceTree = "<group>"; };
		7308554A25B0661200126F81 /* HomeVC.swift */ = {isa = PBXFileReference; lastKnownFileType = sourcecode.swift; path = HomeVC.swift; sourceTree = "<group>"; };
		7308554E25B0670C00126F81 /* FilterCell.swift */ = {isa = PBXFileReference; lastKnownFileType = sourcecode.swift; path = FilterCell.swift; sourceTree = "<group>"; };
		7308554F25B0670C00126F81 /* FilterCell.xib */ = {isa = PBXFileReference; lastKnownFileType = file.xib; path = FilterCell.xib; sourceTree = "<group>"; };
		7308555E25B06C9100126F81 /* Saved.storyboard */ = {isa = PBXFileReference; lastKnownFileType = file.storyboard; path = Saved.storyboard; sourceTree = "<group>"; };
		7308556125B06CC200126F81 /* Timer.storyboard */ = {isa = PBXFileReference; lastKnownFileType = file.storyboard; path = Timer.storyboard; sourceTree = "<group>"; };
		7308556425B06CD200126F81 /* ProductList.storyboard */ = {isa = PBXFileReference; lastKnownFileType = file.storyboard; path = ProductList.storyboard; sourceTree = "<group>"; };
		7308556725B06DC400126F81 /* Profile.storyboard */ = {isa = PBXFileReference; lastKnownFileType = file.storyboard; path = Profile.storyboard; sourceTree = "<group>"; };
/* End PBXFileReference section */

/* Begin PBXFrameworksBuildPhase section */
		730854FE25AF8CC100126F81 /* Frameworks */ = {
			isa = PBXFrameworksBuildPhase;
			buildActionMask = 2147483647;
			files = (
			);
			runOnlyForDeploymentPostprocessing = 0;
		};
/* End PBXFrameworksBuildPhase section */

/* Begin PBXGroup section */
		730854F825AF8CC100126F81 = {
			isa = PBXGroup;
			children = (
				7308550325AF8CC100126F81 /* FoodShowA */,
				7308550225AF8CC100126F81 /* Products */,
			);
			sourceTree = "<group>";
		};
		7308550225AF8CC100126F81 /* Products */ = {
			isa = PBXGroup;
			children = (
				7308550125AF8CC100126F81 /* FoodShowA.app */,
			);
			name = Products;
			sourceTree = "<group>";
		};
		7308550325AF8CC100126F81 /* FoodShowA */ = {
			isa = PBXGroup;
			children = (
				7308551A25B018EE00126F81 /* Model */,
				7308551B25B018F500126F81 /* View */,
				7308551C25B018FA00126F81 /* Controller */,
				7308550D25AF8CC300126F81 /* Assets.xcassets */,
				7308551225AF8CC300126F81 /* Info.plist */,
			);
			path = FoodShowA;
			sourceTree = "<group>";
		};
		7308551A25B018EE00126F81 /* Model */ = {
			isa = PBXGroup;
			children = (
				7308552025B0196300126F81 /* Recipes.swift */,
				7308553325B01AC100126F81 /* Recipe.swift */,
			);
			path = Model;
			sourceTree = "<group>";
		};
		7308551B25B018F500126F81 /* View */ = {
			isa = PBXGroup;
			children = (
				7308556A25B06DD200126F81 /* XIB */,
				7308553B25B0461900126F81 /* storyboard */,
				7308550A25AF8CC100126F81 /* Main.storyboard */,
				7308550F25AF8CC300126F81 /* LaunchScreen.storyboard */,
			);
			path = View;
			sourceTree = "<group>";
		};
		7308551C25B018FA00126F81 /* Controller */ = {
			isa = PBXGroup;
			children = (
				7308555425B0687200126F81 /* Home */,
				7308550425AF8CC100126F81 /* AppDelegate.swift */,
				7308550625AF8CC100126F81 /* SceneDelegate.swift */,
			);
			path = Controller;
			sourceTree = "<group>";
		};
		7308553B25B0461900126F81 /* storyboard */ = {
			isa = PBXGroup;
			children = (
				7308553C25B0463200126F81 /* Home.storyboard */,
				7308555E25B06C9100126F81 /* Saved.storyboard */,
				7308556125B06CC200126F81 /* Timer.storyboard */,
				7308556425B06CD200126F81 /* ProductList.storyboard */,
				7308556725B06DC400126F81 /* Profile.storyboard */,
			);
			path = storyboard;
			sourceTree = "<group>";
		};
		7308555425B0687200126F81 /* Home */ = {
			isa = PBXGroup;
			children = (
				7308554A25B0661200126F81 /* HomeVC.swift */,
				7308551D25B0193700126F81 /* HomeTableVC.swift */,
				7308554E25B0670C00126F81 /* FilterCell.swift */,
			);
			path = Home;
			sourceTree = "<group>";
		};
		7308556A25B06DD200126F81 /* XIB */ = {
			isa = PBXGroup;
			children = (
				7308554F25B0670C00126F81 /* FilterCell.xib */,
			);
			path = XIB;
			sourceTree = "<group>";
		};
/* End PBXGroup section */

/* Begin PBXNativeTarget section */
		7308550025AF8CC100126F81 /* FoodShowA */ = {
			isa = PBXNativeTarget;
			buildConfigurationList = 7308551525AF8CC300126F81 /* Build configuration list for PBXNativeTarget "FoodShowA" */;
			buildPhases = (
				730854FD25AF8CC100126F81 /* Sources */,
				730854FE25AF8CC100126F81 /* Frameworks */,
				730854FF25AF8CC100126F81 /* Resources */,
			);
			buildRules = (
			);
			dependencies = (
			);
			name = FoodShowA;
			productName = FoodShowA;
			productReference = 7308550125AF8CC100126F81 /* FoodShowA.app */;
			productType = "com.apple.product-type.application";
		};
/* End PBXNativeTarget section */

/* Begin PBXProject section */
		730854F925AF8CC100126F81 /* Project object */ = {
			isa = PBXProject;
			attributes = {
				LastSwiftUpdateCheck = 1230;
				LastUpgradeCheck = 1230;
				TargetAttributes = {
					7308550025AF8CC100126F81 = {
						CreatedOnToolsVersion = 12.3;
					};
				};
			};
			buildConfigurationList = 730854FC25AF8CC100126F81 /* Build configuration list for PBXProject "FoodShowA" */;
			compatibilityVersion = "Xcode 9.3";
			developmentRegion = en;
			hasScannedForEncodings = 0;
			knownRegions = (
				en,
				Base,
			);
			mainGroup = 730854F825AF8CC100126F81;
			productRefGroup = 7308550225AF8CC100126F81 /* Products */;
			projectDirPath = "";
			projectRoot = "";
			targets = (
				7308550025AF8CC100126F81 /* FoodShowA */,
			);
		};
/* End PBXProject section */

/* Begin PBXResourcesBuildPhase section */
		730854FF25AF8CC100126F81 /* Resources */ = {
			isa = PBXResourcesBuildPhase;
			buildActionMask = 2147483647;
			files = (
				7308551125AF8CC300126F81 /* LaunchScreen.storyboard in Resources */,
				7308550E25AF8CC300126F81 /* Assets.xcassets in Resources */,
				7308556525B06CD200126F81 /* ProductList.storyboard in Resources */,
				7308550C25AF8CC100126F81 /* Main.storyboard in Resources */,
				7308553D25B0463200126F81 /* Home.storyboard in Resources */,
				7308555F25B06C9100126F81 /* Saved.storyboard in Resources */,
				7308556825B06DC400126F81 /* Profile.storyboard in Resources */,
				7308556225B06CC200126F81 /* Timer.storyboard in Resources */,
				7308555125B0670C00126F81 /* FilterCell.xib in Resources */,
			);
			runOnlyForDeploymentPostprocessing = 0;
		};
/* End PBXResourcesBuildPhase section */

/* Begin PBXSourcesBuildPhase section */
		730854FD25AF8CC100126F81 /* Sources */ = {
			isa = PBXSourcesBuildPhase;
			buildActionMask = 2147483647;
			files = (
				7308555025B0670C00126F81 /* FilterCell.swift in Sources */,
				7308551E25B0193700126F81 /* HomeTableVC.swift in Sources */,
				7308554B25B0661200126F81 /* HomeVC.swift in Sources */,
				7308550525AF8CC100126F81 /* AppDelegate.swift in Sources */,
				7308550725AF8CC100126F81 /* SceneDelegate.swift in Sources */,
				7308552125B0196300126F81 /* Recipes.swift in Sources */,
				7308553425B01AC100126F81 /* Recipe.swift in Sources */,
			);
			runOnlyForDeploymentPostprocessing = 0;
		};
/* End PBXSourcesBuildPhase section */

/* Begin PBXVariantGroup section */
		7308550A25AF8CC100126F81 /* Main.storyboard */ = {
			isa = PBXVariantGroup;
			children = (
				7308550B25AF8CC100126F81 /* Base */,
			);
			name = Main.storyboard;
			sourceTree = "<group>";
		};
		7308550F25AF8CC300126F81 /* LaunchScreen.storyboard */ = {
			isa = PBXVariantGroup;
			children = (
				7308551025AF8CC300126F81 /* Base */,
			);
			name = LaunchScreen.storyboard;
			sourceTree = "<group>";
		};
/* End PBXVariantGroup section */

/* Begin XCBuildConfiguration section */
		7308551325AF8CC300126F81 /* Debug */ = {
			isa = XCBuildConfiguration;
			buildSettings = {
				ALWAYS_SEARCH_USER_PATHS = NO;
				CLANG_ANALYZER_NONNULL = YES;
				CLANG_ANALYZER_NUMBER_OBJECT_CONVERSION = YES_AGGRESSIVE;
				CLANG_CXX_LANGUAGE_STANDARD = "gnu++14";
				CLANG_CXX_LIBRARY = "libc++";
				CLANG_ENABLE_MODULES = YES;
				CLANG_ENABLE_OBJC_ARC = YES;
				CLANG_ENABLE_OBJC_WEAK = YES;
				CLANG_WARN_BLOCK_CAPTURE_AUTORELEASING = YES;
				CLANG_WARN_BOOL_CONVERSION = YES;
				CLANG_WARN_COMMA = YES;
				CLANG_WARN_CONSTANT_CONVERSION = YES;
				CLANG_WARN_DEPRECATED_OBJC_IMPLEMENTATIONS = YES;
				CLANG_WARN_DIRECT_OBJC_ISA_USAGE = YES_ERROR;
				CLANG_WARN_DOCUMENTATION_COMMENTS = YES;
				CLANG_WARN_EMPTY_BODY = YES;
				CLANG_WARN_ENUM_CONVERSION = YES;
				CLANG_WARN_INFINITE_RECURSION = YES;
				CLANG_WARN_INT_CONVERSION = YES;
				CLANG_WARN_NON_LITERAL_NULL_CONVERSION = YES;
				CLANG_WARN_OBJC_IMPLICIT_RETAIN_SELF = YES;
				CLANG_WARN_OBJC_LITERAL_CONVERSION = YES;
				CLANG_WARN_OBJC_ROOT_CLASS = YES_ERROR;
				CLANG_WARN_QUOTED_INCLUDE_IN_FRAMEWORK_HEADER = YES;
				CLANG_WARN_RANGE_LOOP_ANALYSIS = YES;
				CLANG_WARN_STRICT_PROTOTYPES = YES;
				CLANG_WARN_SUSPICIOUS_MOVE = YES;
				CLANG_WARN_UNGUARDED_AVAILABILITY = YES_AGGRESSIVE;
				CLANG_WARN_UNREACHABLE_CODE = YES;
				CLANG_WARN__DUPLICATE_METHOD_MATCH = YES;
				COPY_PHASE_STRIP = NO;
				DEBUG_INFORMATION_FORMAT = dwarf;
				ENABLE_STRICT_OBJC_MSGSEND = YES;
				ENABLE_TESTABILITY = YES;
				GCC_C_LANGUAGE_STANDARD = gnu11;
				GCC_DYNAMIC_NO_PIC = NO;
				GCC_NO_COMMON_BLOCKS = YES;
				GCC_OPTIMIZATION_LEVEL = 0;
				GCC_PREPROCESSOR_DEFINITIONS = (
					"DEBUG=1",
					"$(inherited)",
				);
				GCC_WARN_64_TO_32_BIT_CONVERSION = YES;
				GCC_WARN_ABOUT_RETURN_TYPE = YES_ERROR;
				GCC_WARN_UNDECLARED_SELECTOR = YES;
				GCC_WARN_UNINITIALIZED_AUTOS = YES_AGGRESSIVE;
				GCC_WARN_UNUSED_FUNCTION = YES;
				GCC_WARN_UNUSED_VARIABLE = YES;
				IPHONEOS_DEPLOYMENT_TARGET = 14.3;
				MTL_ENABLE_DEBUG_INFO = INCLUDE_SOURCE;
				MTL_FAST_MATH = YES;
				ONLY_ACTIVE_ARCH = YES;
				SDKROOT = iphoneos;
				SWIFT_ACTIVE_COMPILATION_CONDITIONS = DEBUG;
				SWIFT_OPTIMIZATION_LEVEL = "-Onone";
			};
			name = Debug;
		};
		7308551425AF8CC300126F81 /* Release */ = {
			isa = XCBuildConfiguration;
			buildSettings = {
				ALWAYS_SEARCH_USER_PATHS = NO;
				CLANG_ANALYZER_NONNULL = YES;
				CLANG_ANALYZER_NUMBER_OBJECT_CONVERSION = YES_AGGRESSIVE;
				CLANG_CXX_LANGUAGE_STANDARD = "gnu++14";
				CLANG_CXX_LIBRARY = "libc++";
				CLANG_ENABLE_MODULES = YES;
				CLANG_ENABLE_OBJC_ARC = YES;
				CLANG_ENABLE_OBJC_WEAK = YES;
				CLANG_WARN_BLOCK_CAPTURE_AUTORELEASING = YES;
				CLANG_WARN_BOOL_CONVERSION = YES;
				CLANG_WARN_COMMA = YES;
				CLANG_WARN_CONSTANT_CONVERSION = YES;
				CLANG_WARN_DEPRECATED_OBJC_IMPLEMENTATIONS = YES;
				CLANG_WARN_DIRECT_OBJC_ISA_USAGE = YES_ERROR;
				CLANG_WARN_DOCUMENTATION_COMMENTS = YES;
				CLANG_WARN_EMPTY_BODY = YES;
				CLANG_WARN_ENUM_CONVERSION = YES;
				CLANG_WARN_INFINITE_RECURSION = YES;
				CLANG_WARN_INT_CONVERSION = YES;
				CLANG_WARN_NON_LITERAL_NULL_CONVERSION = YES;
				CLANG_WARN_OBJC_IMPLICIT_RETAIN_SELF = YES;
				CLANG_WARN_OBJC_LITERAL_CONVERSION = YES;
				CLANG_WARN_OBJC_ROOT_CLASS = YES_ERROR;
				CLANG_WARN_QUOTED_INCLUDE_IN_FRAMEWORK_HEADER = YES;
				CLANG_WARN_RANGE_LOOP_ANALYSIS = YES;
				CLANG_WARN_STRICT_PROTOTYPES = YES;
				CLANG_WARN_SUSPICIOUS_MOVE = YES;
				CLANG_WARN_UNGUARDED_AVAILABILITY = YES_AGGRESSIVE;
				CLANG_WARN_UNREACHABLE_CODE = YES;
				CLANG_WARN__DUPLICATE_METHOD_MATCH = YES;
				COPY_PHASE_STRIP = NO;
				DEBUG_INFORMATION_FORMAT = "dwarf-with-dsym";
				ENABLE_NS_ASSERTIONS = NO;
				ENABLE_STRICT_OBJC_MSGSEND = YES;
				GCC_C_LANGUAGE_STANDARD = gnu11;
				GCC_NO_COMMON_BLOCKS = YES;
				GCC_WARN_64_TO_32_BIT_CONVERSION = YES;
				GCC_WARN_ABOUT_RETURN_TYPE = YES_ERROR;
				GCC_WARN_UNDECLARED_SELECTOR = YES;
				GCC_WARN_UNINITIALIZED_AUTOS = YES_AGGRESSIVE;
				GCC_WARN_UNUSED_FUNCTION = YES;
				GCC_WARN_UNUSED_VARIABLE = YES;
				IPHONEOS_DEPLOYMENT_TARGET = 14.3;
				MTL_ENABLE_DEBUG_INFO = NO;
				MTL_FAST_MATH = YES;
				SDKROOT = iphoneos;
				SWIFT_COMPILATION_MODE = wholemodule;
				SWIFT_OPTIMIZATION_LEVEL = "-O";
				VALIDATE_PRODUCT = YES;
			};
			name = Release;
		};
		7308551625AF8CC300126F81 /* Debug */ = {
			isa = XCBuildConfiguration;
			buildSettings = {
				ASSETCATALOG_COMPILER_APPICON_NAME = AppIcon;
				ASSETCATALOG_COMPILER_GLOBAL_ACCENT_COLOR_NAME = AccentColor;
				CODE_SIGN_STYLE = Automatic;
				DEVELOPMENT_TEAM = 33QXP93YY5;
				INFOPLIST_FILE = FoodShowA/Info.plist;
				LD_RUNPATH_SEARCH_PATHS = (
					"$(inherited)",
					"@executable_path/Frameworks",
				);
				PRODUCT_BUNDLE_IDENTIFIER = kz.ilipAigerim.FoodShowA;
				PRODUCT_NAME = "$(TARGET_NAME)";
				SWIFT_VERSION = 5.0;
				TARGETED_DEVICE_FAMILY = "1,2";
			};
			name = Debug;
		};
		7308551725AF8CC300126F81 /* Release */ = {
			isa = XCBuildConfiguration;
			buildSettings = {
				ASSETCATALOG_COMPILER_APPICON_NAME = AppIcon;
				ASSETCATALOG_COMPILER_GLOBAL_ACCENT_COLOR_NAME = AccentColor;
				CODE_SIGN_STYLE = Automatic;
				DEVELOPMENT_TEAM = 33QXP93YY5;
				INFOPLIST_FILE = FoodShowA/Info.plist;
				LD_RUNPATH_SEARCH_PATHS = (
					"$(inherited)",
					"@executable_path/Frameworks",
				);
				PRODUCT_BUNDLE_IDENTIFIER = kz.ilipAigerim.FoodShowA;
				PRODUCT_NAME = "$(TARGET_NAME)";
				SWIFT_VERSION = 5.0;
				TARGETED_DEVICE_FAMILY = "1,2";
			};
			name = Release;
		};
/* End XCBuildConfiguration section */

/* Begin XCConfigurationList section */
		730854FC25AF8CC100126F81 /* Build configuration list for PBXProject "FoodShowA" */ = {
			isa = XCConfigurationList;
			buildConfigurations = (
				7308551325AF8CC300126F81 /* Debug */,
				7308551425AF8CC300126F81 /* Release */,
			);
			defaultConfigurationIsVisible = 0;
			defaultConfigurationName = Release;
		};
		7308551525AF8CC300126F81 /* Build configuration list for PBXNativeTarget "FoodShowA" */ = {
			isa = XCConfigurationList;
			buildConfigurations = (
				7308551625AF8CC300126F81 /* Debug */,
				7308551725AF8CC300126F81 /* Release */,
			);
			defaultConfigurationIsVisible = 0;
			defaultConfigurationName = Release;
		};
/* End XCConfigurationList section */
	};
	rootObject = 730854F925AF8CC100126F81 /* Project object */;
}
