// !$*UTF8*$!
{
	archiveVersion = 1;
	classes = {
	};
	objectVersion = 51;
	objects = {

/* Begin PBXBuildFile section */
		641934A3AEFD9F1969ABD436 /* Pods_FoodShow_FoodShowUITests.framework in Frameworks */ = {isa = PBXBuildFile; fileRef = 0F2B088FB58B70F7BA2EAE16 /* Pods_FoodShow_FoodShowUITests.framework */; };
		73E77DFB25966F7D008CB72B /* SavedVC.swift in Sources */ = {isa = PBXBuildFile; fileRef = 73E77DFA25966F7D008CB72B /* SavedVC.swift */; };
		73EEF48F259A0282007789C0 /* HomeViewController.swift in Sources */ = {isa = PBXBuildFile; fileRef = 73EEF48E259A0282007789C0 /* HomeViewController.swift */; };
		9AB5D41D25AC62E500ADCA61 /* RecipeFavoriteCollectionViewCell.swift in Sources */ = {isa = PBXBuildFile; fileRef = 9AB5D41C25AC62E500ADCA61 /* RecipeFavoriteCollectionViewCell.swift */; };
		9AB5D41E25AC62E500ADCA61 /* RecipeFavoriteCollectionViewCell.swift in Sources */ = {isa = PBXBuildFile; fileRef = 9AB5D41C25AC62E500ADCA61 /* RecipeFavoriteCollectionViewCell.swift */; };
		9AB5D41F25AC62E500ADCA61 /* RecipeFavoriteCollectionViewCell.swift in Sources */ = {isa = PBXBuildFile; fileRef = 9AB5D41C25AC62E500ADCA61 /* RecipeFavoriteCollectionViewCell.swift */; };
		9AD8EB4525BAEB8F00A7F933 /* SimilarListCell.swift in Sources */ = {isa = PBXBuildFile; fileRef = 9AD8EB4425BAEB8F00A7F933 /* SimilarListCell.swift */; };
		9CC812A9987262862C5B7D8A /* Pods_FoodShowTests.framework in Frameworks */ = {isa = PBXBuildFile; fileRef = 00D27975E68AC8A1EFC7866E /* Pods_FoodShowTests.framework */; };
		C80B7961259721C2007DC68E /* Endpoint.swift in Sources */ = {isa = PBXBuildFile; fileRef = C80B7960259721C2007DC68E /* Endpoint.swift */; };
		C80B796425972258007DC68E /* NetworkService.swift in Sources */ = {isa = PBXBuildFile; fileRef = C80B796325972258007DC68E /* NetworkService.swift */; };
		C80B796725973B22007DC68E /* Recipe.swift in Sources */ = {isa = PBXBuildFile; fileRef = C80B796625973B22007DC68E /* Recipe.swift */; };
		C82BA3382593A8E50094EF2C /* AppDelegate.swift in Sources */ = {isa = PBXBuildFile; fileRef = C82BA3372593A8E50094EF2C /* AppDelegate.swift */; };
		C82BA33A2593A8E50094EF2C /* SceneDelegate.swift in Sources */ = {isa = PBXBuildFile; fileRef = C82BA3392593A8E50094EF2C /* SceneDelegate.swift */; };
		C82BA33F2593A8E50094EF2C /* Main.storyboard in Resources */ = {isa = PBXBuildFile; fileRef = C82BA33D2593A8E50094EF2C /* Main.storyboard */; };
		C82BA3412593A8E90094EF2C /* Assets.xcassets in Resources */ = {isa = PBXBuildFile; fileRef = C82BA3402593A8E90094EF2C /* Assets.xcassets */; };
		C82BA3442593A8E90094EF2C /* LaunchScreen.storyboard in Resources */ = {isa = PBXBuildFile; fileRef = C82BA3422593A8E90094EF2C /* LaunchScreen.storyboard */; };
		C82BA34F2593A8EA0094EF2C /* FoodShowTests.swift in Sources */ = {isa = PBXBuildFile; fileRef = C82BA34E2593A8EA0094EF2C /* FoodShowTests.swift */; };
		C82BA35A2593A8EA0094EF2C /* FoodShowUITests.swift in Sources */ = {isa = PBXBuildFile; fileRef = C82BA3592593A8EA0094EF2C /* FoodShowUITests.swift */; };
		C853902525B718EA004C5991 /* RecipeResultsController.swift in Sources */ = {isa = PBXBuildFile; fileRef = C853902425B718EA004C5991 /* RecipeResultsController.swift */; };
		C853903B25B7368E004C5991 /* ResultResponse.swift in Sources */ = {isa = PBXBuildFile; fileRef = C853903A25B7368D004C5991 /* ResultResponse.swift */; };
		C853904025B81250004C5991 /* RecipeFind.swift in Sources */ = {isa = PBXBuildFile; fileRef = C853903F25B81250004C5991 /* RecipeFind.swift */; };
		C878F23E25A06D1300976C4A /* RecipeDetailVC.swift in Sources */ = {isa = PBXBuildFile; fileRef = C878F23D25A06D1300976C4A /* RecipeDetailVC.swift */; };
		C878F24225A07A2500976C4A /* UltimateTableView.swift in Sources */ = {isa = PBXBuildFile; fileRef = C878F24125A07A2500976C4A /* UltimateTableView.swift */; };
		C878F24425A07AB400976C4A /* CellConfig.swift in Sources */ = {isa = PBXBuildFile; fileRef = C878F24325A07AB400976C4A /* CellConfig.swift */; };
		C878F24625A07B4F00976C4A /* UltimateTableCells.swift in Sources */ = {isa = PBXBuildFile; fileRef = C878F24525A07B4F00976C4A /* UltimateTableCells.swift */; };
		C8794A9B25B3235500FEA4EE /* RecipeCell.swift in Sources */ = {isa = PBXBuildFile; fileRef = C8794A9A25B3235500FEA4EE /* RecipeCell.swift */; };
		C89A27B725A59A32004770E4 /* Constants.swift in Sources */ = {isa = PBXBuildFile; fileRef = C89A27B625A59A32004770E4 /* Constants.swift */; };
		C89A27B925A59A4D004770E4 /* RecipeLocalService.swift in Sources */ = {isa = PBXBuildFile; fileRef = C89A27B825A59A4D004770E4 /* RecipeLocalService.swift */; };
		C89A27BB25A59A9D004770E4 /* RecipeLocalObject.swift in Sources */ = {isa = PBXBuildFile; fileRef = C89A27BA25A59A9D004770E4 /* RecipeLocalObject.swift */; };
		C8F15FAB25B9BEBE004F1C2F /* FilterViewController.swift in Sources */ = {isa = PBXBuildFile; fileRef = C8F15FAA25B9BEBE004F1C2F /* FilterViewController.swift */; };
		C8F15FB125B9BF67004F1C2F /* FilterTableView.swift in Sources */ = {isa = PBXBuildFile; fileRef = C8F15FB025B9BF67004F1C2F /* FilterTableView.swift */; };
		C8F15FBA25B9BF92004F1C2F /* FiltterCollectionView.swift in Sources */ = {isa = PBXBuildFile; fileRef = C8F15FB925B9BF92004F1C2F /* FiltterCollectionView.swift */; };
		C8F15FC225B9C53E004F1C2F /* Filter.swift in Sources */ = {isa = PBXBuildFile; fileRef = C8F15FC125B9C53E004F1C2F /* Filter.swift */; };
		C8F15FD325B9C8DE004F1C2F /* FilterCell.swift in Sources */ = {isa = PBXBuildFile; fileRef = C8F15FD225B9C8DE004F1C2F /* FilterCell.swift */; };
		C8F15FDB25B9E213004F1C2F /* TimeSlider.swift in Sources */ = {isa = PBXBuildFile; fileRef = C8F15FDA25B9E213004F1C2F /* TimeSlider.swift */; };
		C8F15FF925B9EB54004F1C2F /* DoneButtonCell.swift in Sources */ = {isa = PBXBuildFile; fileRef = C8F15FF825B9EB54004F1C2F /* DoneButtonCell.swift */; };
		FEEE2D5D6053C6AC19F8E393 /* Pods_FoodShow.framework in Frameworks */ = {isa = PBXBuildFile; fileRef = 2ACB5980397FE6601C3899CB /* Pods_FoodShow.framework */; };
/* End PBXBuildFile section */

/* Begin PBXContainerItemProxy section */
		C82BA34B2593A8EA0094EF2C /* PBXContainerItemProxy */ = {
			isa = PBXContainerItemProxy;
			containerPortal = C82BA32C2593A8E50094EF2C /* Project object */;
			proxyType = 1;
			remoteGlobalIDString = C82BA3332593A8E50094EF2C;
			remoteInfo = FoodShow;
		};
		C82BA3562593A8EA0094EF2C /* PBXContainerItemProxy */ = {
			isa = PBXContainerItemProxy;
			containerPortal = C82BA32C2593A8E50094EF2C /* Project object */;
			proxyType = 1;
			remoteGlobalIDString = C82BA3332593A8E50094EF2C;
			remoteInfo = FoodShow;
		};
/* End PBXContainerItemProxy section */

/* Begin PBXFileReference section */
		00D27975E68AC8A1EFC7866E /* Pods_FoodShowTests.framework */ = {isa = PBXFileReference; explicitFileType = wrapper.framework; includeInIndex = 0; path = Pods_FoodShowTests.framework; sourceTree = BUILT_PRODUCTS_DIR; };
		0F2B088FB58B70F7BA2EAE16 /* Pods_FoodShow_FoodShowUITests.framework */ = {isa = PBXFileReference; explicitFileType = wrapper.framework; includeInIndex = 0; path = Pods_FoodShow_FoodShowUITests.framework; sourceTree = BUILT_PRODUCTS_DIR; };
		17BD681D67DD372D06AA175B /* Pods-FoodShowTests.debug.xcconfig */ = {isa = PBXFileReference; includeInIndex = 1; lastKnownFileType = text.xcconfig; name = "Pods-FoodShowTests.debug.xcconfig"; path = "Target Support Files/Pods-FoodShowTests/Pods-FoodShowTests.debug.xcconfig"; sourceTree = "<group>"; };
		2ACB5980397FE6601C3899CB /* Pods_FoodShow.framework */ = {isa = PBXFileReference; explicitFileType = wrapper.framework; includeInIndex = 0; path = Pods_FoodShow.framework; sourceTree = BUILT_PRODUCTS_DIR; };
		3947065F4D61DE39A2B833A5 /* Pods-FoodShow.release.xcconfig */ = {isa = PBXFileReference; includeInIndex = 1; lastKnownFileType = text.xcconfig; name = "Pods-FoodShow.release.xcconfig"; path = "Target Support Files/Pods-FoodShow/Pods-FoodShow.release.xcconfig"; sourceTree = "<group>"; };
		440DF21EDFDA9B0FA5545AF7 /* Pods-FoodShow.debug.xcconfig */ = {isa = PBXFileReference; includeInIndex = 1; lastKnownFileType = text.xcconfig; name = "Pods-FoodShow.debug.xcconfig"; path = "Target Support Files/Pods-FoodShow/Pods-FoodShow.debug.xcconfig"; sourceTree = "<group>"; };
		5D77F0149A35240D32A71F9F /* Pods-FoodShow-FoodShowUITests.release.xcconfig */ = {isa = PBXFileReference; includeInIndex = 1; lastKnownFileType = text.xcconfig; name = "Pods-FoodShow-FoodShowUITests.release.xcconfig"; path = "Target Support Files/Pods-FoodShow-FoodShowUITests/Pods-FoodShow-FoodShowUITests.release.xcconfig"; sourceTree = "<group>"; };
		73E77DFA25966F7D008CB72B /* SavedVC.swift */ = {isa = PBXFileReference; lastKnownFileType = sourcecode.swift; path = SavedVC.swift; sourceTree = "<group>"; };
		73EEF48E259A0282007789C0 /* HomeViewController.swift */ = {isa = PBXFileReference; lastKnownFileType = sourcecode.swift; path = HomeViewController.swift; sourceTree = "<group>"; };
		9AB5D41C25AC62E500ADCA61 /* RecipeFavoriteCollectionViewCell.swift */ = {isa = PBXFileReference; lastKnownFileType = sourcecode.swift; path = RecipeFavoriteCollectionViewCell.swift; sourceTree = "<group>"; };
		9AD8EB4425BAEB8F00A7F933 /* SimilarListCell.swift */ = {isa = PBXFileReference; lastKnownFileType = sourcecode.swift; path = SimilarListCell.swift; sourceTree = "<group>"; };
		9EB11925815B814611323BFE /* Pods-FoodShowTests.release.xcconfig */ = {isa = PBXFileReference; includeInIndex = 1; lastKnownFileType = text.xcconfig; name = "Pods-FoodShowTests.release.xcconfig"; path = "Target Support Files/Pods-FoodShowTests/Pods-FoodShowTests.release.xcconfig"; sourceTree = "<group>"; };
		C80B7960259721C2007DC68E /* Endpoint.swift */ = {isa = PBXFileReference; lastKnownFileType = sourcecode.swift; path = Endpoint.swift; sourceTree = "<group>"; };
		C80B796325972258007DC68E /* NetworkService.swift */ = {isa = PBXFileReference; lastKnownFileType = sourcecode.swift; path = NetworkService.swift; sourceTree = "<group>"; };
		C80B796625973B22007DC68E /* Recipe.swift */ = {isa = PBXFileReference; lastKnownFileType = sourcecode.swift; path = Recipe.swift; sourceTree = "<group>"; };
		C82BA3342593A8E50094EF2C /* FoodShow.app */ = {isa = PBXFileReference; explicitFileType = wrapper.application; includeInIndex = 0; path = FoodShow.app; sourceTree = BUILT_PRODUCTS_DIR; };
		C82BA3372593A8E50094EF2C /* AppDelegate.swift */ = {isa = PBXFileReference; lastKnownFileType = sourcecode.swift; path = AppDelegate.swift; sourceTree = "<group>"; };
		C82BA3392593A8E50094EF2C /* SceneDelegate.swift */ = {isa = PBXFileReference; lastKnownFileType = sourcecode.swift; path = SceneDelegate.swift; sourceTree = "<group>"; };
		C82BA33E2593A8E50094EF2C /* Base */ = {isa = PBXFileReference; lastKnownFileType = file.storyboard; name = Base; path = Base.lproj/Main.storyboard; sourceTree = "<group>"; };
		C82BA3402593A8E90094EF2C /* Assets.xcassets */ = {isa = PBXFileReference; lastKnownFileType = folder.assetcatalog; path = Assets.xcassets; sourceTree = "<group>"; };
		C82BA3432593A8E90094EF2C /* Base */ = {isa = PBXFileReference; lastKnownFileType = file.storyboard; name = Base; path = Base.lproj/LaunchScreen.storyboard; sourceTree = "<group>"; };
		C82BA3452593A8E90094EF2C /* Info.plist */ = {isa = PBXFileReference; lastKnownFileType = text.plist.xml; path = Info.plist; sourceTree = "<group>"; };
		C82BA34A2593A8EA0094EF2C /* FoodShowTests.xctest */ = {isa = PBXFileReference; explicitFileType = wrapper.cfbundle; includeInIndex = 0; path = FoodShowTests.xctest; sourceTree = BUILT_PRODUCTS_DIR; };
		C82BA34E2593A8EA0094EF2C /* FoodShowTests.swift */ = {isa = PBXFileReference; lastKnownFileType = sourcecode.swift; path = FoodShowTests.swift; sourceTree = "<group>"; };
		C82BA3502593A8EA0094EF2C /* Info.plist */ = {isa = PBXFileReference; lastKnownFileType = text.plist.xml; path = Info.plist; sourceTree = "<group>"; };
		C82BA3552593A8EA0094EF2C /* FoodShowUITests.xctest */ = {isa = PBXFileReference; explicitFileType = wrapper.cfbundle; includeInIndex = 0; path = FoodShowUITests.xctest; sourceTree = BUILT_PRODUCTS_DIR; };
		C82BA3592593A8EA0094EF2C /* FoodShowUITests.swift */ = {isa = PBXFileReference; lastKnownFileType = sourcecode.swift; path = FoodShowUITests.swift; sourceTree = "<group>"; };
		C82BA35B2593A8EA0094EF2C /* Info.plist */ = {isa = PBXFileReference; lastKnownFileType = text.plist.xml; path = Info.plist; sourceTree = "<group>"; };
		C853902425B718EA004C5991 /* RecipeResultsController.swift */ = {isa = PBXFileReference; lastKnownFileType = sourcecode.swift; path = RecipeResultsController.swift; sourceTree = "<group>"; };
		C853903A25B7368D004C5991 /* ResultResponse.swift */ = {isa = PBXFileReference; lastKnownFileType = sourcecode.swift; path = ResultResponse.swift; sourceTree = "<group>"; };
		C853903F25B81250004C5991 /* RecipeFind.swift */ = {isa = PBXFileReference; lastKnownFileType = sourcecode.swift; path = RecipeFind.swift; sourceTree = "<group>"; };
		C878F23D25A06D1300976C4A /* RecipeDetailVC.swift */ = {isa = PBXFileReference; lastKnownFileType = sourcecode.swift; path = RecipeDetailVC.swift; sourceTree = "<group>"; };
		C878F24125A07A2500976C4A /* UltimateTableView.swift */ = {isa = PBXFileReference; lastKnownFileType = sourcecode.swift; path = UltimateTableView.swift; sourceTree = "<group>"; };
		C878F24325A07AB400976C4A /* CellConfig.swift */ = {isa = PBXFileReference; lastKnownFileType = sourcecode.swift; path = CellConfig.swift; sourceTree = "<group>"; };
		C878F24525A07B4F00976C4A /* UltimateTableCells.swift */ = {isa = PBXFileReference; lastKnownFileType = sourcecode.swift; path = UltimateTableCells.swift; sourceTree = "<group>"; };
		C8794A9A25B3235500FEA4EE /* RecipeCell.swift */ = {isa = PBXFileReference; lastKnownFileType = sourcecode.swift; path = RecipeCell.swift; sourceTree = "<group>"; };
		C89A27B625A59A32004770E4 /* Constants.swift */ = {isa = PBXFileReference; lastKnownFileType = sourcecode.swift; path = Constants.swift; sourceTree = "<group>"; };
		C89A27B825A59A4D004770E4 /* RecipeLocalService.swift */ = {isa = PBXFileReference; lastKnownFileType = sourcecode.swift; path = RecipeLocalService.swift; sourceTree = "<group>"; };
		C89A27BA25A59A9D004770E4 /* RecipeLocalObject.swift */ = {isa = PBXFileReference; lastKnownFileType = sourcecode.swift; path = RecipeLocalObject.swift; sourceTree = "<group>"; };
		C8F15FAA25B9BEBE004F1C2F /* FilterViewController.swift */ = {isa = PBXFileReference; lastKnownFileType = sourcecode.swift; path = FilterViewController.swift; sourceTree = "<group>"; };
		C8F15FB025B9BF67004F1C2F /* FilterTableView.swift */ = {isa = PBXFileReference; lastKnownFileType = sourcecode.swift; path = FilterTableView.swift; sourceTree = "<group>"; };
		C8F15FB925B9BF92004F1C2F /* FiltterCollectionView.swift */ = {isa = PBXFileReference; lastKnownFileType = sourcecode.swift; path = FiltterCollectionView.swift; sourceTree = "<group>"; };
		C8F15FC125B9C53E004F1C2F /* Filter.swift */ = {isa = PBXFileReference; lastKnownFileType = sourcecode.swift; path = Filter.swift; sourceTree = "<group>"; };
		C8F15FD225B9C8DE004F1C2F /* FilterCell.swift */ = {isa = PBXFileReference; lastKnownFileType = sourcecode.swift; path = FilterCell.swift; sourceTree = "<group>"; };
		C8F15FDA25B9E213004F1C2F /* TimeSlider.swift */ = {isa = PBXFileReference; lastKnownFileType = sourcecode.swift; path = TimeSlider.swift; sourceTree = "<group>"; };
		C8F15FF825B9EB54004F1C2F /* DoneButtonCell.swift */ = {isa = PBXFileReference; lastKnownFileType = sourcecode.swift; path = DoneButtonCell.swift; sourceTree = "<group>"; };
		CAF8092A8C1A8048B63D4360 /* Pods-FoodShow-FoodShowUITests.debug.xcconfig */ = {isa = PBXFileReference; includeInIndex = 1; lastKnownFileType = text.xcconfig; name = "Pods-FoodShow-FoodShowUITests.debug.xcconfig"; path = "Target Support Files/Pods-FoodShow-FoodShowUITests/Pods-FoodShow-FoodShowUITests.debug.xcconfig"; sourceTree = "<group>"; };
/* End PBXFileReference section */

/* Begin PBXFrameworksBuildPhase section */
		C82BA3312593A8E50094EF2C /* Frameworks */ = {
			isa = PBXFrameworksBuildPhase;
			buildActionMask = 2147483647;
			files = (
				FEEE2D5D6053C6AC19F8E393 /* Pods_FoodShow.framework in Frameworks */,
			);
			runOnlyForDeploymentPostprocessing = 0;
		};
		C82BA3472593A8EA0094EF2C /* Frameworks */ = {
			isa = PBXFrameworksBuildPhase;
			buildActionMask = 2147483647;
			files = (
				9CC812A9987262862C5B7D8A /* Pods_FoodShowTests.framework in Frameworks */,
			);
			runOnlyForDeploymentPostprocessing = 0;
		};
		C82BA3522593A8EA0094EF2C /* Frameworks */ = {
			isa = PBXFrameworksBuildPhase;
			buildActionMask = 2147483647;
			files = (
				641934A3AEFD9F1969ABD436 /* Pods_FoodShow_FoodShowUITests.framework in Frameworks */,
			);
			runOnlyForDeploymentPostprocessing = 0;
		};
/* End PBXFrameworksBuildPhase section */

/* Begin PBXGroup section */
		495C5FB64B634EC964FAC44C /* Frameworks */ = {
			isa = PBXGroup;
			children = (
				2ACB5980397FE6601C3899CB /* Pods_FoodShow.framework */,
				0F2B088FB58B70F7BA2EAE16 /* Pods_FoodShow_FoodShowUITests.framework */,
				00D27975E68AC8A1EFC7866E /* Pods_FoodShowTests.framework */,
			);
			name = Frameworks;
			sourceTree = "<group>";
		};
		7206B43769887A64A85090AB /* Pods */ = {
			isa = PBXGroup;
			children = (
				440DF21EDFDA9B0FA5545AF7 /* Pods-FoodShow.debug.xcconfig */,
				3947065F4D61DE39A2B833A5 /* Pods-FoodShow.release.xcconfig */,
				CAF8092A8C1A8048B63D4360 /* Pods-FoodShow-FoodShowUITests.debug.xcconfig */,
				5D77F0149A35240D32A71F9F /* Pods-FoodShow-FoodShowUITests.release.xcconfig */,
				17BD681D67DD372D06AA175B /* Pods-FoodShowTests.debug.xcconfig */,
				9EB11925815B814611323BFE /* Pods-FoodShowTests.release.xcconfig */,
			);
			path = Pods;
			sourceTree = "<group>";
		};
		73EEF46D2599E9EB007789C0 /* View */ = {
			isa = PBXGroup;
			children = (
				C82BA33D2593A8E50094EF2C /* Main.storyboard */,
				C82BA3422593A8E90094EF2C /* LaunchScreen.storyboard */,
			);
			path = View;
			sourceTree = "<group>";
		};
		C80B795E2597219B007DC68E /* NetworkLayer */ = {
			isa = PBXGroup;
			children = (
				C80B796225972247007DC68E /* Manager */,
				C80B795F259721AC007DC68E /* Endpoints */,
			);
			path = NetworkLayer;
			sourceTree = "<group>";
		};
		C80B795F259721AC007DC68E /* Endpoints */ = {
			isa = PBXGroup;
			children = (
				C80B7960259721C2007DC68E /* Endpoint.swift */,
			);
			path = Endpoints;
			sourceTree = "<group>";
		};
		C80B796225972247007DC68E /* Manager */ = {
			isa = PBXGroup;
			children = (
				C80B796325972258007DC68E /* NetworkService.swift */,
			);
			path = Manager;
			sourceTree = "<group>";
		};
		C80B796525973AFA007DC68E /* Model */ = {
			isa = PBXGroup;
			children = (
				C80B796625973B22007DC68E /* Recipe.swift */,
			);
			path = Model;
			sourceTree = "<group>";
		};
		C82BA32B2593A8E50094EF2C = {
			isa = PBXGroup;
			children = (
				C82BA3362593A8E50094EF2C /* FoodShow */,
				C82BA34D2593A8EA0094EF2C /* FoodShowTests */,
				C82BA3582593A8EA0094EF2C /* FoodShowUITests */,
				C82BA3352593A8E50094EF2C /* Products */,
				7206B43769887A64A85090AB /* Pods */,
				495C5FB64B634EC964FAC44C /* Frameworks */,
			);
			sourceTree = "<group>";
		};
		C82BA3352593A8E50094EF2C /* Products */ = {
			isa = PBXGroup;
			children = (
				C82BA3342593A8E50094EF2C /* FoodShow.app */,
				C82BA34A2593A8EA0094EF2C /* FoodShowTests.xctest */,
				C82BA3552593A8EA0094EF2C /* FoodShowUITests.xctest */,
			);
			name = Products;
			sourceTree = "<group>";
		};
		C82BA3362593A8E50094EF2C /* FoodShow */ = {
			isa = PBXGroup;
			children = (
				C89A27B525A59A12004770E4 /* Services */,
				C82F9DC125A3619D00F6B072 /* Modules */,
				73EEF46D2599E9EB007789C0 /* View */,
				C80B796525973AFA007DC68E /* Model */,
				C80B795E2597219B007DC68E /* NetworkLayer */,
				C82BA3372593A8E50094EF2C /* AppDelegate.swift */,
				C82BA3392593A8E50094EF2C /* SceneDelegate.swift */,
				C82BA3402593A8E90094EF2C /* Assets.xcassets */,
				C82BA3452593A8E90094EF2C /* Info.plist */,
			);
			path = FoodShow;
			sourceTree = "<group>";
		};
		C82BA34D2593A8EA0094EF2C /* FoodShowTests */ = {
			isa = PBXGroup;
			children = (
				C82BA34E2593A8EA0094EF2C /* FoodShowTests.swift */,
				C82BA3502593A8EA0094EF2C /* Info.plist */,
			);
			path = FoodShowTests;
			sourceTree = "<group>";
		};
		C82BA3582593A8EA0094EF2C /* FoodShowUITests */ = {
			isa = PBXGroup;
			children = (
				C82BA3592593A8EA0094EF2C /* FoodShowUITests.swift */,
				C82BA35B2593A8EA0094EF2C /* Info.plist */,
			);
			path = FoodShowUITests;
			sourceTree = "<group>";
		};
		C82F9DC125A3619D00F6B072 /* Modules */ = {
			isa = PBXGroup;
			children = (
				C8F1601425BA8ADF004F1C2F /* Favorite */,
				C8F1600F25BA8A9A004F1C2F /* Home */,
				C8F15FA825B9BE99004F1C2F /* FilterDetail */,
				C853902025B71893004C5991 /* RecipeResults */,
				C82F9DC225A361A600F6B072 /* RecipeDetail */,
			);
			path = Modules;
			sourceTree = "<group>";
		};
		C82F9DC225A361A600F6B072 /* RecipeDetail */ = {
			isa = PBXGroup;
			children = (
				C89A27B425A46523004770E4 /* View */,
				C89A27B325A46507004770E4 /* Model */,
				C82F9DC925A3623800F6B072 /* Controller */,
			);
			path = RecipeDetail;
			sourceTree = "<group>";
		};
		C82F9DC925A3623800F6B072 /* Controller */ = {
			isa = PBXGroup;
			children = (
				C878F23D25A06D1300976C4A /* RecipeDetailVC.swift */,
			);
			path = Controller;
			sourceTree = "<group>";
		};
		C853902025B71893004C5991 /* RecipeResults */ = {
			isa = PBXGroup;
			children = (
				C853902325B718CD004C5991 /* Model */,
				C853902225B718C0004C5991 /* Controller */,
				C853902125B718BB004C5991 /* View */,
			);
			path = RecipeResults;
			sourceTree = "<group>";
		};
		C853902125B718BB004C5991 /* View */ = {
			isa = PBXGroup;
			children = (
			);
			path = View;
			sourceTree = "<group>";
		};
		C853902225B718C0004C5991 /* Controller */ = {
			isa = PBXGroup;
			children = (
				C853902425B718EA004C5991 /* RecipeResultsController.swift */,
			);
			path = Controller;
			sourceTree = "<group>";
		};
		C853902325B718CD004C5991 /* Model */ = {
			isa = PBXGroup;
			children = (
				C853903A25B7368D004C5991 /* ResultResponse.swift */,
			);
			path = Model;
			sourceTree = "<group>";
		};
		C89A27B325A46507004770E4 /* Model */ = {
			isa = PBXGroup;
			children = (
				C878F24325A07AB400976C4A /* CellConfig.swift */,
				C878F24125A07A2500976C4A /* UltimateTableView.swift */,
				C853903F25B81250004C5991 /* RecipeFind.swift */,
			);
			path = Model;
			sourceTree = "<group>";
		};
		C89A27B425A46523004770E4 /* View */ = {
			isa = PBXGroup;
			children = (
				C878F24525A07B4F00976C4A /* UltimateTableCells.swift */,
				9AB5D41C25AC62E500ADCA61 /* RecipeFavoriteCollectionViewCell.swift */,
				C8794A9A25B3235500FEA4EE /* RecipeCell.swift */,
				9AD8EB4425BAEB8F00A7F933 /* SimilarListCell.swift */,
			);
			path = View;
			sourceTree = "<group>";
		};
		C89A27B525A59A12004770E4 /* Services */ = {
			isa = PBXGroup;
			children = (
				C89A27B625A59A32004770E4 /* Constants.swift */,
				C89A27B825A59A4D004770E4 /* RecipeLocalService.swift */,
			);
			path = Services;
			sourceTree = "<group>";
		};
		C8F15FA825B9BE99004F1C2F /* FilterDetail */ = {
			isa = PBXGroup;
			children = (
				C8F15FB825B9BF7E004F1C2F /* View */,
				C8F15FAF25B9BF5A004F1C2F /* Model */,
				C8F15FA925B9BEA9004F1C2F /* Controller */,
			);
			path = FilterDetail;
			sourceTree = "<group>";
		};
		C8F15FA925B9BEA9004F1C2F /* Controller */ = {
			isa = PBXGroup;
			children = (
				C8F15FAA25B9BEBE004F1C2F /* FilterViewController.swift */,
			);
			path = Controller;
			sourceTree = "<group>";
		};
		C8F15FAF25B9BF5A004F1C2F /* Model */ = {
			isa = PBXGroup;
			children = (
				C8F15FB025B9BF67004F1C2F /* FilterTableView.swift */,
				C8F15FC125B9C53E004F1C2F /* Filter.swift */,
			);
			path = Model;
			sourceTree = "<group>";
		};
		C8F15FB825B9BF7E004F1C2F /* View */ = {
			isa = PBXGroup;
			children = (
				C8F15FDA25B9E213004F1C2F /* TimeSlider.swift */,
				C8F15FB925B9BF92004F1C2F /* FiltterCollectionView.swift */,
				C8F15FD225B9C8DE004F1C2F /* FilterCell.swift */,
				C8F15FF825B9EB54004F1C2F /* DoneButtonCell.swift */,
			);
			path = View;
			sourceTree = "<group>";
		};
		C8F1600F25BA8A9A004F1C2F /* Home */ = {
			isa = PBXGroup;
			children = (
				C8F1601025BA8AA3004F1C2F /* Controller */,
			);
			path = Home;
			sourceTree = "<group>";
		};
		C8F1601025BA8AA3004F1C2F /* Controller */ = {
			isa = PBXGroup;
			children = (
				73EEF48E259A0282007789C0 /* HomeViewController.swift */,
			);
			path = Controller;
			sourceTree = "<group>";
		};
		C8F1601425BA8ADF004F1C2F /* Favorite */ = {
			isa = PBXGroup;
			children = (
				C8F1601625BA8AFD004F1C2F /* Model */,
				C8F1601525BA8AF3004F1C2F /* Controller */,
			);
			path = Favorite;
			sourceTree = "<group>";
		};
		C8F1601525BA8AF3004F1C2F /* Controller */ = {
			isa = PBXGroup;
			children = (
				73E77DFA25966F7D008CB72B /* SavedVC.swift */,
			);
			path = Controller;
			sourceTree = "<group>";
		};
		C8F1601625BA8AFD004F1C2F /* Model */ = {
			isa = PBXGroup;
			children = (
				C89A27BA25A59A9D004770E4 /* RecipeLocalObject.swift */,
			);
			path = Model;
			sourceTree = "<group>";
		};
/* End PBXGroup section */

/* Begin PBXNativeTarget section */
		C82BA3332593A8E50094EF2C /* FoodShow */ = {
			isa = PBXNativeTarget;
			buildConfigurationList = C82BA35E2593A8EA0094EF2C /* Build configuration list for PBXNativeTarget "FoodShow" */;
			buildPhases = (
				DE08D60BE4B464894427690A /* [CP] Check Pods Manifest.lock */,
				C82BA3302593A8E50094EF2C /* Sources */,
				C82BA3312593A8E50094EF2C /* Frameworks */,
				C82BA3322593A8E50094EF2C /* Resources */,
				10F2B0E96B6C73805AFB664A /* [CP] Embed Pods Frameworks */,
			);
			buildRules = (
			);
			dependencies = (
			);
			name = FoodShow;
			productName = FoodShow;
			productReference = C82BA3342593A8E50094EF2C /* FoodShow.app */;
			productType = "com.apple.product-type.application";
		};
		C82BA3492593A8EA0094EF2C /* FoodShowTests */ = {
			isa = PBXNativeTarget;
			buildConfigurationList = C82BA3612593A8EA0094EF2C /* Build configuration list for PBXNativeTarget "FoodShowTests" */;
			buildPhases = (
				7338D3DEE3B77DEE7A27ECD1 /* [CP] Check Pods Manifest.lock */,
				C82BA3462593A8EA0094EF2C /* Sources */,
				C82BA3472593A8EA0094EF2C /* Frameworks */,
				C82BA3482593A8EA0094EF2C /* Resources */,
			);
			buildRules = (
			);
			dependencies = (
				C82BA34C2593A8EA0094EF2C /* PBXTargetDependency */,
			);
			name = FoodShowTests;
			productName = FoodShowTests;
			productReference = C82BA34A2593A8EA0094EF2C /* FoodShowTests.xctest */;
			productType = "com.apple.product-type.bundle.unit-test";
		};
		C82BA3542593A8EA0094EF2C /* FoodShowUITests */ = {
			isa = PBXNativeTarget;
			buildConfigurationList = C82BA3642593A8EA0094EF2C /* Build configuration list for PBXNativeTarget "FoodShowUITests" */;
			buildPhases = (
				04D47F01DFCE3485875AB42B /* [CP] Check Pods Manifest.lock */,
				C82BA3512593A8EA0094EF2C /* Sources */,
				C82BA3522593A8EA0094EF2C /* Frameworks */,
				C82BA3532593A8EA0094EF2C /* Resources */,
				E2EB2B8B5BA1DA7395CBECBC /* [CP] Embed Pods Frameworks */,
			);
			buildRules = (
			);
			dependencies = (
				C82BA3572593A8EA0094EF2C /* PBXTargetDependency */,
			);
			name = FoodShowUITests;
			productName = FoodShowUITests;
			productReference = C82BA3552593A8EA0094EF2C /* FoodShowUITests.xctest */;
			productType = "com.apple.product-type.bundle.ui-testing";
		};
/* End PBXNativeTarget section */

/* Begin PBXProject section */
		C82BA32C2593A8E50094EF2C /* Project object */ = {
			isa = PBXProject;
			attributes = {
				LastSwiftUpdateCheck = 1140;
				LastUpgradeCheck = 1140;
				ORGANIZATIONNAME = TeamOfFour;
				TargetAttributes = {
					C82BA3332593A8E50094EF2C = {
						CreatedOnToolsVersion = 11.4.1;
					};
					C82BA3492593A8EA0094EF2C = {
						CreatedOnToolsVersion = 11.4.1;
						TestTargetID = C82BA3332593A8E50094EF2C;
					};
					C82BA3542593A8EA0094EF2C = {
						CreatedOnToolsVersion = 11.4.1;
						TestTargetID = C82BA3332593A8E50094EF2C;
					};
				};
			};
			buildConfigurationList = C82BA32F2593A8E50094EF2C /* Build configuration list for PBXProject "FoodShow" */;
			compatibilityVersion = "Xcode 9.3";
			developmentRegion = en;
			hasScannedForEncodings = 0;
			knownRegions = (
				en,
				Base,
			);
			mainGroup = C82BA32B2593A8E50094EF2C;
			productRefGroup = C82BA3352593A8E50094EF2C /* Products */;
			projectDirPath = "";
			projectRoot = "";
			targets = (
				C82BA3332593A8E50094EF2C /* FoodShow */,
				C82BA3492593A8EA0094EF2C /* FoodShowTests */,
				C82BA3542593A8EA0094EF2C /* FoodShowUITests */,
			);
		};
/* End PBXProject section */

/* Begin PBXResourcesBuildPhase section */
		C82BA3322593A8E50094EF2C /* Resources */ = {
			isa = PBXResourcesBuildPhase;
			buildActionMask = 2147483647;
			files = (
				C82BA3442593A8E90094EF2C /* LaunchScreen.storyboard in Resources */,
				C82BA3412593A8E90094EF2C /* Assets.xcassets in Resources */,
				C82BA33F2593A8E50094EF2C /* Main.storyboard in Resources */,
			);
			runOnlyForDeploymentPostprocessing = 0;
		};
		C82BA3482593A8EA0094EF2C /* Resources */ = {
			isa = PBXResourcesBuildPhase;
			buildActionMask = 2147483647;
			files = (
			);
			runOnlyForDeploymentPostprocessing = 0;
		};
		C82BA3532593A8EA0094EF2C /* Resources */ = {
			isa = PBXResourcesBuildPhase;
			buildActionMask = 2147483647;
			files = (
			);
			runOnlyForDeploymentPostprocessing = 0;
		};
/* End PBXResourcesBuildPhase section */

/* Begin PBXShellScriptBuildPhase section */
		04D47F01DFCE3485875AB42B /* [CP] Check Pods Manifest.lock */ = {
			isa = PBXShellScriptBuildPhase;
			buildActionMask = 2147483647;
			files = (
			);
			inputFileListPaths = (
			);
			inputPaths = (
				"${PODS_PODFILE_DIR_PATH}/Podfile.lock",
				"${PODS_ROOT}/Manifest.lock",
			);
			name = "[CP] Check Pods Manifest.lock";
			outputFileListPaths = (
			);
			outputPaths = (
				"$(DERIVED_FILE_DIR)/Pods-FoodShow-FoodShowUITests-checkManifestLockResult.txt",
			);
			runOnlyForDeploymentPostprocessing = 0;
			shellPath = /bin/sh;
			shellScript = "diff \"${PODS_PODFILE_DIR_PATH}/Podfile.lock\" \"${PODS_ROOT}/Manifest.lock\" > /dev/null\nif [ $? != 0 ] ; then\n    # print error to STDERR\n    echo \"error: The sandbox is not in sync with the Podfile.lock. Run 'pod install' or update your CocoaPods installation.\" >&2\n    exit 1\nfi\n# This output is used by Xcode 'outputs' to avoid re-running this script phase.\necho \"SUCCESS\" > \"${SCRIPT_OUTPUT_FILE_0}\"\n";
			showEnvVarsInLog = 0;
		};
		10F2B0E96B6C73805AFB664A /* [CP] Embed Pods Frameworks */ = {
			isa = PBXShellScriptBuildPhase;
			buildActionMask = 2147483647;
			files = (
			);
			inputFileListPaths = (
				"${PODS_ROOT}/Target Support Files/Pods-FoodShow/Pods-FoodShow-frameworks-${CONFIGURATION}-input-files.xcfilelist",
			);
			name = "[CP] Embed Pods Frameworks";
			outputFileListPaths = (
				"${PODS_ROOT}/Target Support Files/Pods-FoodShow/Pods-FoodShow-frameworks-${CONFIGURATION}-output-files.xcfilelist",
			);
			runOnlyForDeploymentPostprocessing = 0;
			shellPath = /bin/sh;
			shellScript = "\"${PODS_ROOT}/Target Support Files/Pods-FoodShow/Pods-FoodShow-frameworks.sh\"\n";
			showEnvVarsInLog = 0;
		};
		7338D3DEE3B77DEE7A27ECD1 /* [CP] Check Pods Manifest.lock */ = {
			isa = PBXShellScriptBuildPhase;
			buildActionMask = 2147483647;
			files = (
			);
			inputFileListPaths = (
			);
			inputPaths = (
				"${PODS_PODFILE_DIR_PATH}/Podfile.lock",
				"${PODS_ROOT}/Manifest.lock",
			);
			name = "[CP] Check Pods Manifest.lock";
			outputFileListPaths = (
			);
			outputPaths = (
				"$(DERIVED_FILE_DIR)/Pods-FoodShowTests-checkManifestLockResult.txt",
			);
			runOnlyForDeploymentPostprocessing = 0;
			shellPath = /bin/sh;
			shellScript = "diff \"${PODS_PODFILE_DIR_PATH}/Podfile.lock\" \"${PODS_ROOT}/Manifest.lock\" > /dev/null\nif [ $? != 0 ] ; then\n    # print error to STDERR\n    echo \"error: The sandbox is not in sync with the Podfile.lock. Run 'pod install' or update your CocoaPods installation.\" >&2\n    exit 1\nfi\n# This output is used by Xcode 'outputs' to avoid re-running this script phase.\necho \"SUCCESS\" > \"${SCRIPT_OUTPUT_FILE_0}\"\n";
			showEnvVarsInLog = 0;
		};
		DE08D60BE4B464894427690A /* [CP] Check Pods Manifest.lock */ = {
			isa = PBXShellScriptBuildPhase;
			buildActionMask = 2147483647;
			files = (
			);
			inputFileListPaths = (
			);
			inputPaths = (
				"${PODS_PODFILE_DIR_PATH}/Podfile.lock",
				"${PODS_ROOT}/Manifest.lock",
			);
			name = "[CP] Check Pods Manifest.lock";
			outputFileListPaths = (
			);
			outputPaths = (
				"$(DERIVED_FILE_DIR)/Pods-FoodShow-checkManifestLockResult.txt",
			);
			runOnlyForDeploymentPostprocessing = 0;
			shellPath = /bin/sh;
			shellScript = "diff \"${PODS_PODFILE_DIR_PATH}/Podfile.lock\" \"${PODS_ROOT}/Manifest.lock\" > /dev/null\nif [ $? != 0 ] ; then\n    # print error to STDERR\n    echo \"error: The sandbox is not in sync with the Podfile.lock. Run 'pod install' or update your CocoaPods installation.\" >&2\n    exit 1\nfi\n# This output is used by Xcode 'outputs' to avoid re-running this script phase.\necho \"SUCCESS\" > \"${SCRIPT_OUTPUT_FILE_0}\"\n";
			showEnvVarsInLog = 0;
		};
		E2EB2B8B5BA1DA7395CBECBC /* [CP] Embed Pods Frameworks */ = {
			isa = PBXShellScriptBuildPhase;
			buildActionMask = 2147483647;
			files = (
			);
			inputFileListPaths = (
				"${PODS_ROOT}/Target Support Files/Pods-FoodShow-FoodShowUITests/Pods-FoodShow-FoodShowUITests-frameworks-${CONFIGURATION}-input-files.xcfilelist",
			);
			name = "[CP] Embed Pods Frameworks";
			outputFileListPaths = (
				"${PODS_ROOT}/Target Support Files/Pods-FoodShow-FoodShowUITests/Pods-FoodShow-FoodShowUITests-frameworks-${CONFIGURATION}-output-files.xcfilelist",
			);
			runOnlyForDeploymentPostprocessing = 0;
			shellPath = /bin/sh;
			shellScript = "\"${PODS_ROOT}/Target Support Files/Pods-FoodShow-FoodShowUITests/Pods-FoodShow-FoodShowUITests-frameworks.sh\"\n";
			showEnvVarsInLog = 0;
		};
/* End PBXShellScriptBuildPhase section */

/* Begin PBXSourcesBuildPhase section */
		C82BA3302593A8E50094EF2C /* Sources */ = {
			isa = PBXSourcesBuildPhase;
			buildActionMask = 2147483647;
			files = (
				C8F15FF925B9EB54004F1C2F /* DoneButtonCell.swift in Sources */,
				C80B7961259721C2007DC68E /* Endpoint.swift in Sources */,
				73E77DFB25966F7D008CB72B /* SavedVC.swift in Sources */,
				73EEF48F259A0282007789C0 /* HomeViewController.swift in Sources */,
				C878F24625A07B4F00976C4A /* UltimateTableCells.swift in Sources */,
				C878F23E25A06D1300976C4A /* RecipeDetailVC.swift in Sources */,
				C89A27BB25A59A9D004770E4 /* RecipeLocalObject.swift in Sources */,
				C853902525B718EA004C5991 /* RecipeResultsController.swift in Sources */,
				C853903B25B7368E004C5991 /* ResultResponse.swift in Sources */,
				C89A27B725A59A32004770E4 /* Constants.swift in Sources */,
				9AB5D41D25AC62E500ADCA61 /* RecipeFavoriteCollectionViewCell.swift in Sources */,
				9AD8EB4525BAEB8F00A7F933 /* SimilarListCell.swift in Sources */,
				C89A27B925A59A4D004770E4 /* RecipeLocalService.swift in Sources */,
				C8F15FBA25B9BF92004F1C2F /* FiltterCollectionView.swift in Sources */,
				C8F15FDB25B9E213004F1C2F /* TimeSlider.swift in Sources */,
				C80B796725973B22007DC68E /* Recipe.swift in Sources */,
				C8F15FC225B9C53E004F1C2F /* Filter.swift in Sources */,
				C82BA3382593A8E50094EF2C /* AppDelegate.swift in Sources */,
				C8794A9B25B3235500FEA4EE /* RecipeCell.swift in Sources */,
				C8F15FAB25B9BEBE004F1C2F /* FilterViewController.swift in Sources */,
				C878F24225A07A2500976C4A /* UltimateTableView.swift in Sources */,
				C8F15FB125B9BF67004F1C2F /* FilterTableView.swift in Sources */,
				C80B796425972258007DC68E /* NetworkService.swift in Sources */,
				C878F24425A07AB400976C4A /* CellConfig.swift in Sources */,
				C853904025B81250004C5991 /* RecipeFind.swift in Sources */,
				C8F15FD325B9C8DE004F1C2F /* FilterCell.swift in Sources */,
				C82BA33A2593A8E50094EF2C /* SceneDelegate.swift in Sources */,
			);
			runOnlyForDeploymentPostprocessing = 0;
		};
		C82BA3462593A8EA0094EF2C /* Sources */ = {
			isa = PBXSourcesBuildPhase;
			buildActionMask = 2147483647;
			files = (
				9AB5D41E25AC62E500ADCA61 /* RecipeFavoriteCollectionViewCell.swift in Sources */,
				C82BA34F2593A8EA0094EF2C /* FoodShowTests.swift in Sources */,
			);
			runOnlyForDeploymentPostprocessing = 0;
		};
		C82BA3512593A8EA0094EF2C /* Sources */ = {
			isa = PBXSourcesBuildPhase;
			buildActionMask = 2147483647;
			files = (
				9AB5D41F25AC62E500ADCA61 /* RecipeFavoriteCollectionViewCell.swift in Sources */,
				C82BA35A2593A8EA0094EF2C /* FoodShowUITests.swift in Sources */,
			);
			runOnlyForDeploymentPostprocessing = 0;
		};
/* End PBXSourcesBuildPhase section */

/* Begin PBXTargetDependency section */
		C82BA34C2593A8EA0094EF2C /* PBXTargetDependency */ = {
			isa = PBXTargetDependency;
			target = C82BA3332593A8E50094EF2C /* FoodShow */;
			targetProxy = C82BA34B2593A8EA0094EF2C /* PBXContainerItemProxy */;
		};
		C82BA3572593A8EA0094EF2C /* PBXTargetDependency */ = {
			isa = PBXTargetDependency;
			target = C82BA3332593A8E50094EF2C /* FoodShow */;
			targetProxy = C82BA3562593A8EA0094EF2C /* PBXContainerItemProxy */;
		};
/* End PBXTargetDependency section */

/* Begin PBXVariantGroup section */
		C82BA33D2593A8E50094EF2C /* Main.storyboard */ = {
			isa = PBXVariantGroup;
			children = (
				C82BA33E2593A8E50094EF2C /* Base */,
			);
			name = Main.storyboard;
			sourceTree = "<group>";
		};
		C82BA3422593A8E90094EF2C /* LaunchScreen.storyboard */ = {
			isa = PBXVariantGroup;
			children = (
				C82BA3432593A8E90094EF2C /* Base */,
			);
			name = LaunchScreen.storyboard;
			sourceTree = "<group>";
		};
/* End PBXVariantGroup section */

/* Begin XCBuildConfiguration section */
		C82BA35C2593A8EA0094EF2C /* Debug */ = {
			isa = XCBuildConfiguration;
			buildSettings = {
				ALWAYS_SEARCH_USER_PATHS = NO;
				CLANG_ANALYZER_NONNULL = YES;
				CLANG_ANALYZER_NUMBER_OBJECT_CONVERSION = YES_AGGRESSIVE;
				CLANG_CXX_LANGUAGE_STANDARD = "gnu++14";
				CLANG_CXX_LIBRARY = "libc++";
				CLANG_ENABLE_MODULES = YES;
				CLANG_ENABLE_OBJC_ARC = YES;
				CLANG_ENABLE_OBJC_WEAK = YES;
				CLANG_WARN_BLOCK_CAPTURE_AUTORELEASING = YES;
				CLANG_WARN_BOOL_CONVERSION = YES;
				CLANG_WARN_COMMA = YES;
				CLANG_WARN_CONSTANT_CONVERSION = YES;
				CLANG_WARN_DEPRECATED_OBJC_IMPLEMENTATIONS = YES;
				CLANG_WARN_DIRECT_OBJC_ISA_USAGE = YES_ERROR;
				CLANG_WARN_DOCUMENTATION_COMMENTS = YES;
				CLANG_WARN_EMPTY_BODY = YES;
				CLANG_WARN_ENUM_CONVERSION = YES;
				CLANG_WARN_INFINITE_RECURSION = YES;
				CLANG_WARN_INT_CONVERSION = YES;
				CLANG_WARN_NON_LITERAL_NULL_CONVERSION = YES;
				CLANG_WARN_OBJC_IMPLICIT_RETAIN_SELF = YES;
				CLANG_WARN_OBJC_LITERAL_CONVERSION = YES;
				CLANG_WARN_OBJC_ROOT_CLASS = YES_ERROR;
				CLANG_WARN_RANGE_LOOP_ANALYSIS = YES;
				CLANG_WARN_STRICT_PROTOTYPES = YES;
				CLANG_WARN_SUSPICIOUS_MOVE = YES;
				CLANG_WARN_UNGUARDED_AVAILABILITY = YES_AGGRESSIVE;
				CLANG_WARN_UNREACHABLE_CODE = YES;
				CLANG_WARN__DUPLICATE_METHOD_MATCH = YES;
				COPY_PHASE_STRIP = NO;
				DEBUG_INFORMATION_FORMAT = dwarf;
				ENABLE_STRICT_OBJC_MSGSEND = YES;
				ENABLE_TESTABILITY = YES;
				GCC_C_LANGUAGE_STANDARD = gnu11;
				GCC_DYNAMIC_NO_PIC = NO;
				GCC_NO_COMMON_BLOCKS = YES;
				GCC_OPTIMIZATION_LEVEL = 0;
				GCC_PREPROCESSOR_DEFINITIONS = (
					"DEBUG=1",
					"$(inherited)",
				);
				GCC_WARN_64_TO_32_BIT_CONVERSION = YES;
				GCC_WARN_ABOUT_RETURN_TYPE = YES_ERROR;
				GCC_WARN_UNDECLARED_SELECTOR = YES;
				GCC_WARN_UNINITIALIZED_AUTOS = YES_AGGRESSIVE;
				GCC_WARN_UNUSED_FUNCTION = YES;
				GCC_WARN_UNUSED_VARIABLE = YES;
				IPHONEOS_DEPLOYMENT_TARGET = 13.4;
				MTL_ENABLE_DEBUG_INFO = INCLUDE_SOURCE;
				MTL_FAST_MATH = YES;
				ONLY_ACTIVE_ARCH = YES;
				SDKROOT = iphoneos;
				SWIFT_ACTIVE_COMPILATION_CONDITIONS = DEBUG;
				SWIFT_OPTIMIZATION_LEVEL = "-Onone";
			};
			name = Debug;
		};
		C82BA35D2593A8EA0094EF2C /* Release */ = {
			isa = XCBuildConfiguration;
			buildSettings = {
				ALWAYS_SEARCH_USER_PATHS = NO;
				CLANG_ANALYZER_NONNULL = YES;
				CLANG_ANALYZER_NUMBER_OBJECT_CONVERSION = YES_AGGRESSIVE;
				CLANG_CXX_LANGUAGE_STANDARD = "gnu++14";
				CLANG_CXX_LIBRARY = "libc++";
				CLANG_ENABLE_MODULES = YES;
				CLANG_ENABLE_OBJC_ARC = YES;
				CLANG_ENABLE_OBJC_WEAK = YES;
				CLANG_WARN_BLOCK_CAPTURE_AUTORELEASING = YES;
				CLANG_WARN_BOOL_CONVERSION = YES;
				CLANG_WARN_COMMA = YES;
				CLANG_WARN_CONSTANT_CONVERSION = YES;
				CLANG_WARN_DEPRECATED_OBJC_IMPLEMENTATIONS = YES;
				CLANG_WARN_DIRECT_OBJC_ISA_USAGE = YES_ERROR;
				CLANG_WARN_DOCUMENTATION_COMMENTS = YES;
				CLANG_WARN_EMPTY_BODY = YES;
				CLANG_WARN_ENUM_CONVERSION = YES;
				CLANG_WARN_INFINITE_RECURSION = YES;
				CLANG_WARN_INT_CONVERSION = YES;
				CLANG_WARN_NON_LITERAL_NULL_CONVERSION = YES;
				CLANG_WARN_OBJC_IMPLICIT_RETAIN_SELF = YES;
				CLANG_WARN_OBJC_LITERAL_CONVERSION = YES;
				CLANG_WARN_OBJC_ROOT_CLASS = YES_ERROR;
				CLANG_WARN_RANGE_LOOP_ANALYSIS = YES;
				CLANG_WARN_STRICT_PROTOTYPES = YES;
				CLANG_WARN_SUSPICIOUS_MOVE = YES;
				CLANG_WARN_UNGUARDED_AVAILABILITY = YES_AGGRESSIVE;
				CLANG_WARN_UNREACHABLE_CODE = YES;
				CLANG_WARN__DUPLICATE_METHOD_MATCH = YES;
				COPY_PHASE_STRIP = NO;
				DEBUG_INFORMATION_FORMAT = "dwarf-with-dsym";
				ENABLE_NS_ASSERTIONS = NO;
				ENABLE_STRICT_OBJC_MSGSEND = YES;
				GCC_C_LANGUAGE_STANDARD = gnu11;
				GCC_NO_COMMON_BLOCKS = YES;
				GCC_WARN_64_TO_32_BIT_CONVERSION = YES;
				GCC_WARN_ABOUT_RETURN_TYPE = YES_ERROR;
				GCC_WARN_UNDECLARED_SELECTOR = YES;
				GCC_WARN_UNINITIALIZED_AUTOS = YES_AGGRESSIVE;
				GCC_WARN_UNUSED_FUNCTION = YES;
				GCC_WARN_UNUSED_VARIABLE = YES;
				IPHONEOS_DEPLOYMENT_TARGET = 13.4;
				MTL_ENABLE_DEBUG_INFO = NO;
				MTL_FAST_MATH = YES;
				SDKROOT = iphoneos;
				SWIFT_COMPILATION_MODE = wholemodule;
				SWIFT_OPTIMIZATION_LEVEL = "-O";
				VALIDATE_PRODUCT = YES;
			};
			name = Release;
		};
		C82BA35F2593A8EA0094EF2C /* Debug */ = {
			isa = XCBuildConfiguration;
			baseConfigurationReference = 440DF21EDFDA9B0FA5545AF7 /* Pods-FoodShow.debug.xcconfig */;
			buildSettings = {
				ASSETCATALOG_COMPILER_APPICON_NAME = AppIcon;
				CODE_SIGN_STYLE = Automatic;
				DEVELOPMENT_TEAM = 2FKKPZ27MH;
				INFOPLIST_FILE = FoodShow/Info.plist;
				LD_RUNPATH_SEARCH_PATHS = (
					"$(inherited)",
					"@executable_path/Frameworks",
				);
				PRODUCT_BUNDLE_IDENTIFIER = com.bayern.FoodShow;
				PRODUCT_NAME = "$(TARGET_NAME)";
				SWIFT_VERSION = 5.0;
				TARGETED_DEVICE_FAMILY = "1,2";
			};
			name = Debug;
		};
		C82BA3602593A8EA0094EF2C /* Release */ = {
			isa = XCBuildConfiguration;
			baseConfigurationReference = 3947065F4D61DE39A2B833A5 /* Pods-FoodShow.release.xcconfig */;
			buildSettings = {
				ASSETCATALOG_COMPILER_APPICON_NAME = AppIcon;
				CODE_SIGN_STYLE = Automatic;
				DEVELOPMENT_TEAM = 2FKKPZ27MH;
				INFOPLIST_FILE = FoodShow/Info.plist;
				LD_RUNPATH_SEARCH_PATHS = (
					"$(inherited)",
					"@executable_path/Frameworks",
				);
				PRODUCT_BUNDLE_IDENTIFIER = com.bayern.FoodShow;
				PRODUCT_NAME = "$(TARGET_NAME)";
				SWIFT_VERSION = 5.0;
				TARGETED_DEVICE_FAMILY = "1,2";
			};
			name = Release;
		};
		C82BA3622593A8EA0094EF2C /* Debug */ = {
			isa = XCBuildConfiguration;
			baseConfigurationReference = 17BD681D67DD372D06AA175B /* Pods-FoodShowTests.debug.xcconfig */;
			buildSettings = {
				ALWAYS_EMBED_SWIFT_STANDARD_LIBRARIES = YES;
				BUNDLE_LOADER = "$(TEST_HOST)";
				CODE_SIGN_STYLE = Automatic;
				DEVELOPMENT_TEAM = 2FKKPZ27MH;
				INFOPLIST_FILE = FoodShowTests/Info.plist;
				IPHONEOS_DEPLOYMENT_TARGET = 13.4;
				LD_RUNPATH_SEARCH_PATHS = (
					"$(inherited)",
					"@executable_path/Frameworks",
					"@loader_path/Frameworks",
				);
				PRODUCT_BUNDLE_IDENTIFIER = com.bayern.FoodShowTests;
				PRODUCT_NAME = "$(TARGET_NAME)";
				SWIFT_VERSION = 5.0;
				TARGETED_DEVICE_FAMILY = "1,2";
				TEST_HOST = "$(BUILT_PRODUCTS_DIR)/FoodShow.app/FoodShow";
			};
			name = Debug;
		};
		C82BA3632593A8EA0094EF2C /* Release */ = {
			isa = XCBuildConfiguration;
			baseConfigurationReference = 9EB11925815B814611323BFE /* Pods-FoodShowTests.release.xcconfig */;
			buildSettings = {
				ALWAYS_EMBED_SWIFT_STANDARD_LIBRARIES = YES;
				BUNDLE_LOADER = "$(TEST_HOST)";
				CODE_SIGN_STYLE = Automatic;
				DEVELOPMENT_TEAM = 2FKKPZ27MH;
				INFOPLIST_FILE = FoodShowTests/Info.plist;
				IPHONEOS_DEPLOYMENT_TARGET = 13.4;
				LD_RUNPATH_SEARCH_PATHS = (
					"$(inherited)",
					"@executable_path/Frameworks",
					"@loader_path/Frameworks",
				);
				PRODUCT_BUNDLE_IDENTIFIER = com.bayern.FoodShowTests;
				PRODUCT_NAME = "$(TARGET_NAME)";
				SWIFT_VERSION = 5.0;
				TARGETED_DEVICE_FAMILY = "1,2";
				TEST_HOST = "$(BUILT_PRODUCTS_DIR)/FoodShow.app/FoodShow";
			};
			name = Release;
		};
		C82BA3652593A8EA0094EF2C /* Debug */ = {
			isa = XCBuildConfiguration;
			baseConfigurationReference = CAF8092A8C1A8048B63D4360 /* Pods-FoodShow-FoodShowUITests.debug.xcconfig */;
			buildSettings = {
				ALWAYS_EMBED_SWIFT_STANDARD_LIBRARIES = YES;
				CODE_SIGN_STYLE = Automatic;
				DEVELOPMENT_TEAM = 2FKKPZ27MH;
				INFOPLIST_FILE = FoodShowUITests/Info.plist;
				LD_RUNPATH_SEARCH_PATHS = (
					"$(inherited)",
					"@executable_path/Frameworks",
					"@loader_path/Frameworks",
				);
				PRODUCT_BUNDLE_IDENTIFIER = com.bayern.FoodShowUITests;
				PRODUCT_NAME = "$(TARGET_NAME)";
				SWIFT_VERSION = 5.0;
				TARGETED_DEVICE_FAMILY = "1,2";
				TEST_TARGET_NAME = FoodShow;
			};
			name = Debug;
		};
		C82BA3662593A8EA0094EF2C /* Release */ = {
			isa = XCBuildConfiguration;
			baseConfigurationReference = 5D77F0149A35240D32A71F9F /* Pods-FoodShow-FoodShowUITests.release.xcconfig */;
			buildSettings = {
				ALWAYS_EMBED_SWIFT_STANDARD_LIBRARIES = YES;
				CODE_SIGN_STYLE = Automatic;
				DEVELOPMENT_TEAM = 2FKKPZ27MH;
				INFOPLIST_FILE = FoodShowUITests/Info.plist;
				LD_RUNPATH_SEARCH_PATHS = (
					"$(inherited)",
					"@executable_path/Frameworks",
					"@loader_path/Frameworks",
				);
				PRODUCT_BUNDLE_IDENTIFIER = com.bayern.FoodShowUITests;
				PRODUCT_NAME = "$(TARGET_NAME)";
				SWIFT_VERSION = 5.0;
				TARGETED_DEVICE_FAMILY = "1,2";
				TEST_TARGET_NAME = FoodShow;
			};
			name = Release;
		};
/* End XCBuildConfiguration section */

/* Begin XCConfigurationList section */
		C82BA32F2593A8E50094EF2C /* Build configuration list for PBXProject "FoodShow" */ = {
			isa = XCConfigurationList;
			buildConfigurations = (
				C82BA35C2593A8EA0094EF2C /* Debug */,
				C82BA35D2593A8EA0094EF2C /* Release */,
			);
			defaultConfigurationIsVisible = 0;
			defaultConfigurationName = Release;
		};
		C82BA35E2593A8EA0094EF2C /* Build configuration list for PBXNativeTarget "FoodShow" */ = {
			isa = XCConfigurationList;
			buildConfigurations = (
				C82BA35F2593A8EA0094EF2C /* Debug */,
				C82BA3602593A8EA0094EF2C /* Release */,
			);
			defaultConfigurationIsVisible = 0;
			defaultConfigurationName = Release;
		};
		C82BA3612593A8EA0094EF2C /* Build configuration list for PBXNativeTarget "FoodShowTests" */ = {
			isa = XCConfigurationList;
			buildConfigurations = (
				C82BA3622593A8EA0094EF2C /* Debug */,
				C82BA3632593A8EA0094EF2C /* Release */,
			);
			defaultConfigurationIsVisible = 0;
			defaultConfigurationName = Release;
		};
		C82BA3642593A8EA0094EF2C /* Build configuration list for PBXNativeTarget "FoodShowUITests" */ = {
			isa = XCConfigurationList;
			buildConfigurations = (
				C82BA3652593A8EA0094EF2C /* Debug */,
				C82BA3662593A8EA0094EF2C /* Release */,
			);
			defaultConfigurationIsVisible = 0;
			defaultConfigurationName = Release;
		};
/* End XCConfigurationList section */
	};
	rootObject = C82BA32C2593A8E50094EF2C /* Project object */;
}
